%{"meck": {:hex, :meck, "0.8.4", "59ca1cd971372aa223138efcf9b29475bde299e1953046a0c727184790ab1520", [:rebar, :make], []},
  "mock": {:hex, :mock, "0.2.0", "5991877be6bb514b647dbd6f4869bc12bd7f2829df16e86c98d6108f966d34d7", [:mix], [{:meck, "~> 0.8.2", [hex: :meck, optional: false]}]},
  "uuid": {:hex, :uuid, "1.1.4", "36c7734e4c8e357f2f67ba57fb61799d60c20a7f817b104896cca64b857e3686", [:mix], []}}
